// !$*UTF8*$!
{
	archiveVersion = 1;
	classes = {
	};
	objectVersion = 46;
	objects = {

/* Begin PBXBuildFile section */
		4F5DB06F1EB60DE900DCBA19 /* libClockView.a in Frameworks */ = {isa = PBXBuildFile; fileRef = 9A0D4F691754F5D9003D3ED0 /* libClockView.a */; };
		4F5DB0761EB60E2C00DCBA19 /* ClockViewTest.m in Sources */ = {isa = PBXBuildFile; fileRef = 4F5DB0751EB60E2C00DCBA19 /* ClockViewTest.m */; };
		4F5EF1812189EA8A007AE127 /* libClockView.a in Frameworks */ = {isa = PBXBuildFile; fileRef = 9A0D4F691754F5D9003D3ED0 /* libClockView.a */; };
		9A0D4F6A1754F5D9003D3ED0 /* Foundation.framework in Frameworks */ = {isa = PBXBuildFile; fileRef = 1D30AB110D05D00D00671497 /* Foundation.framework */; };
		9A0D4F6F1754F5D9003D3ED0 /* ClockView.h in CopyFiles */ = {isa = PBXBuildFile; fileRef = 9A0D4F6E1754F5D9003D3ED0 /* ClockView.h */; };
		9A0D4F711754F5D9003D3ED0 /* ClockView.m in Sources */ = {isa = PBXBuildFile; fileRef = 9A0D4F701754F5D9003D3ED0 /* ClockView.m */; };
		9A0D4F7A1754F5F5003D3ED0 /* UIKit.framework in Frameworks */ = {isa = PBXBuildFile; fileRef = 1DF5F4DF0D08C38300B7A737 /* UIKit.framework */; };
		9A0D4F7B1754F5F5003D3ED0 /* Foundation.framework in Frameworks */ = {isa = PBXBuildFile; fileRef = 1D30AB110D05D00D00671497 /* Foundation.framework */; };
		9A0D4F7C1754F5F5003D3ED0 /* CoreGraphics.framework in Frameworks */ = {isa = PBXBuildFile; fileRef = 288765A40DF7441C002DB57D /* CoreGraphics.framework */; };
		9A0D4F821754F5F5003D3ED0 /* InfoPlist.strings in Resources */ = {isa = PBXBuildFile; fileRef = 9A0D4F801754F5F5003D3ED0 /* InfoPlist.strings */; };
		9A0D4F841754F5F5003D3ED0 /* main.m in Sources */ = {isa = PBXBuildFile; fileRef = 9A0D4F831754F5F5003D3ED0 /* main.m */; };
		9A0D4F881754F5F5003D3ED0 /* AppDelegate.m in Sources */ = {isa = PBXBuildFile; fileRef = 9A0D4F871754F5F5003D3ED0 /* AppDelegate.m */; };
		9A0D4F8A1754F5F5003D3ED0 /* Default.png in Resources */ = {isa = PBXBuildFile; fileRef = 9A0D4F891754F5F5003D3ED0 /* Default.png */; };
		9A0D4F8C1754F5F5003D3ED0 /* Default@2x.png in Resources */ = {isa = PBXBuildFile; fileRef = 9A0D4F8B1754F5F5003D3ED0 /* Default@2x.png */; };
		9A0D4F8E1754F5F5003D3ED0 /* Default-568h@2x.png in Resources */ = {isa = PBXBuildFile; fileRef = 9A0D4F8D1754F5F5003D3ED0 /* Default-568h@2x.png */; };
		9A0D4F911754F5F5003D3ED0 /* ClockViewController.m in Sources */ = {isa = PBXBuildFile; fileRef = 9A0D4F901754F5F5003D3ED0 /* ClockViewController.m */; };
		9A0D4F941754F5F5003D3ED0 /* ClockViewController.xib in Resources */ = {isa = PBXBuildFile; fileRef = 9A0D4F921754F5F5003D3ED0 /* ClockViewController.xib */; };
		9ABEF210175E251800DA41C7 /* QuartzCore.framework in Frameworks */ = {isa = PBXBuildFile; fileRef = 9A34401912F5C3E4001EC7CE /* QuartzCore.framework */; };
		9ABEF21A175E287800DA41C7 /* -clock-face.png in Resources */ = {isa = PBXBuildFile; fileRef = 9ABEF212175E287800DA41C7 /* -clock-face.png */; };
		9ABEF21B175E287800DA41C7 /* bliss-roman-aluminium-clock.jpg in Resources */ = {isa = PBXBuildFile; fileRef = 9ABEF213175E287800DA41C7 /* bliss-roman-aluminium-clock.jpg */; };
		9ABEF21C175E287800DA41C7 /* clock-background.png in Resources */ = {isa = PBXBuildFile; fileRef = 9ABEF214175E287800DA41C7 /* clock-background.png */; };
		9ABEF21D175E287800DA41C7 /* clock-hour-background.png in Resources */ = {isa = PBXBuildFile; fileRef = 9ABEF215175E287800DA41C7 /* clock-hour-background.png */; };
		9ABEF21E175E287800DA41C7 /* clock-min-background.png in Resources */ = {isa = PBXBuildFile; fileRef = 9ABEF216175E287800DA41C7 /* clock-min-background.png */; };
		9ABEF21F175E287800DA41C7 /* clock-min-background_.png in Resources */ = {isa = PBXBuildFile; fileRef = 9ABEF217175E287800DA41C7 /* clock-min-background_.png */; };
		9ABEF220175E287800DA41C7 /* clock-sec-background.png in Resources */ = {isa = PBXBuildFile; fileRef = 9ABEF218175E287800DA41C7 /* clock-sec-background.png */; };
		9ABEF221175E287800DA41C7 /* OutputSample.png in Resources */ = {isa = PBXBuildFile; fileRef = 9ABEF219175E287800DA41C7 /* OutputSample.png */; };
/* End PBXBuildFile section */

/* Begin PBXContainerItemProxy section */
		4F5DB0701EB60DE900DCBA19 /* PBXContainerItemProxy */ = {
			isa = PBXContainerItemProxy;
			containerPortal = 29B97313FDCFA39411CA2CEA /* Project object */;
			proxyType = 1;
			remoteGlobalIDString = 9A0D4F681754F5D9003D3ED0;
			remoteInfo = ClockView;
		};
/* End PBXContainerItemProxy section */

/* Begin PBXCopyFilesBuildPhase section */
		9A0D4F671754F5D9003D3ED0 /* CopyFiles */ = {
			isa = PBXCopyFilesBuildPhase;
			buildActionMask = 2147483647;
			dstPath = include;
			dstSubfolderSpec = 16;
			files = (
				9A0D4F6F1754F5D9003D3ED0 /* ClockView.h in CopyFiles */,
			);
			runOnlyForDeploymentPostprocessing = 0;
		};
/* End PBXCopyFilesBuildPhase section */

/* Begin PBXFileReference section */
		1D30AB110D05D00D00671497 /* Foundation.framework */ = {isa = PBXFileReference; lastKnownFileType = wrapper.framework; name = Foundation.framework; path = System/Library/Frameworks/Foundation.framework; sourceTree = SDKROOT; };
		1DF5F4DF0D08C38300B7A737 /* UIKit.framework */ = {isa = PBXFileReference; lastKnownFileType = wrapper.framework; name = UIKit.framework; path = System/Library/Frameworks/UIKit.framework; sourceTree = SDKROOT; };
		288765A40DF7441C002DB57D /* CoreGraphics.framework */ = {isa = PBXFileReference; lastKnownFileType = wrapper.framework; name = CoreGraphics.framework; path = System/Library/Frameworks/CoreGraphics.framework; sourceTree = SDKROOT; };
		4F5DB0641EB5F92C00DCBA19 /* XCTest.framework */ = {isa = PBXFileReference; lastKnownFileType = wrapper.framework; name = XCTest.framework; path = Platforms/iPhoneOS.platform/Developer/Library/Frameworks/XCTest.framework; sourceTree = DEVELOPER_DIR; };
		4F5DB06A1EB60DE900DCBA19 /* ClockViewTest.xctest */ = {isa = PBXFileReference; explicitFileType = wrapper.cfbundle; includeInIndex = 0; path = ClockViewTest.xctest; sourceTree = BUILT_PRODUCTS_DIR; };
		4F5DB06E1EB60DE900DCBA19 /* Info.plist */ = {isa = PBXFileReference; lastKnownFileType = text.plist.xml; path = Info.plist; sourceTree = "<group>"; };
		4F5DB0751EB60E2C00DCBA19 /* ClockViewTest.m */ = {isa = PBXFileReference; fileEncoding = 4; lastKnownFileType = sourcecode.c.objc; path = ClockViewTest.m; sourceTree = "<group>"; };
		4F5EF17C2189E38D007AE127 /* Base */ = {isa = PBXFileReference; lastKnownFileType = file.xib; name = Base; path = Base.lproj/ClockViewController.xib; sourceTree = "<group>"; };
		9A0D4F371754F28A003D3ED0 /* SenTestingKit.framework */ = {isa = PBXFileReference; lastKnownFileType = wrapper.framework; name = SenTestingKit.framework; path = Library/Frameworks/SenTestingKit.framework; sourceTree = DEVELOPER_DIR; };
		9A0D4F691754F5D9003D3ED0 /* libClockView.a */ = {isa = PBXFileReference; explicitFileType = archive.ar; includeInIndex = 0; path = libClockView.a; sourceTree = BUILT_PRODUCTS_DIR; };
		9A0D4F6D1754F5D9003D3ED0 /* ClockView-Prefix.pch */ = {isa = PBXFileReference; lastKnownFileType = sourcecode.c.h; path = "ClockView-Prefix.pch"; sourceTree = "<group>"; };
		9A0D4F6E1754F5D9003D3ED0 /* ClockView.h */ = {isa = PBXFileReference; lastKnownFileType = sourcecode.c.h; path = ClockView.h; sourceTree = "<group>"; };
		9A0D4F701754F5D9003D3ED0 /* ClockView.m */ = {isa = PBXFileReference; lastKnownFileType = sourcecode.c.objc; path = ClockView.m; sourceTree = "<group>"; };
		9A0D4F791754F5F5003D3ED0 /* ClockViewSampleApp.app */ = {isa = PBXFileReference; explicitFileType = wrapper.application; includeInIndex = 0; path = ClockViewSampleApp.app; sourceTree = BUILT_PRODUCTS_DIR; };
		9A0D4F7F1754F5F5003D3ED0 /* ClockViewSampleApp-Info.plist */ = {isa = PBXFileReference; lastKnownFileType = text.plist.xml; path = "ClockViewSampleApp-Info.plist"; sourceTree = "<group>"; };
		9A0D4F811754F5F5003D3ED0 /* en */ = {isa = PBXFileReference; lastKnownFileType = text.plist.strings; name = en; path = en.lproj/InfoPlist.strings; sourceTree = "<group>"; };
		9A0D4F831754F5F5003D3ED0 /* main.m */ = {isa = PBXFileReference; lastKnownFileType = sourcecode.c.objc; path = main.m; sourceTree = "<group>"; };
		9A0D4F861754F5F5003D3ED0 /* AppDelegate.h */ = {isa = PBXFileReference; lastKnownFileType = sourcecode.c.h; path = AppDelegate.h; sourceTree = "<group>"; };
		9A0D4F871754F5F5003D3ED0 /* AppDelegate.m */ = {isa = PBXFileReference; lastKnownFileType = sourcecode.c.objc; path = AppDelegate.m; sourceTree = "<group>"; };
		9A0D4F891754F5F5003D3ED0 /* Default.png */ = {isa = PBXFileReference; lastKnownFileType = image.png; path = Default.png; sourceTree = "<group>"; };
		9A0D4F8B1754F5F5003D3ED0 /* Default@2x.png */ = {isa = PBXFileReference; lastKnownFileType = image.png; path = "Default@2x.png"; sourceTree = "<group>"; };
		9A0D4F8D1754F5F5003D3ED0 /* Default-568h@2x.png */ = {isa = PBXFileReference; lastKnownFileType = image.png; path = "Default-568h@2x.png"; sourceTree = "<group>"; };
		9A0D4F8F1754F5F5003D3ED0 /* ClockViewController.h */ = {isa = PBXFileReference; lastKnownFileType = sourcecode.c.h; path = ClockViewController.h; sourceTree = "<group>"; };
		9A0D4F901754F5F5003D3ED0 /* ClockViewController.m */ = {isa = PBXFileReference; lastKnownFileType = sourcecode.c.objc; path = ClockViewController.m; sourceTree = "<group>"; };
		9A34401912F5C3E4001EC7CE /* QuartzCore.framework */ = {isa = PBXFileReference; lastKnownFileType = wrapper.framework; name = QuartzCore.framework; path = System/Library/Frameworks/QuartzCore.framework; sourceTree = SDKROOT; };
		9ABEF212175E287800DA41C7 /* -clock-face.png */ = {isa = PBXFileReference; lastKnownFileType = image.png; path = "-clock-face.png"; sourceTree = "<group>"; };
		9ABEF213175E287800DA41C7 /* bliss-roman-aluminium-clock.jpg */ = {isa = PBXFileReference; lastKnownFileType = image.jpeg; path = "bliss-roman-aluminium-clock.jpg"; sourceTree = "<group>"; };
		9ABEF214175E287800DA41C7 /* clock-background.png */ = {isa = PBXFileReference; lastKnownFileType = image.png; path = "clock-background.png"; sourceTree = "<group>"; };
		9ABEF215175E287800DA41C7 /* clock-hour-background.png */ = {isa = PBXFileReference; lastKnownFileType = image.png; path = "clock-hour-background.png"; sourceTree = "<group>"; };
		9ABEF216175E287800DA41C7 /* clock-min-background.png */ = {isa = PBXFileReference; lastKnownFileType = image.png; path = "clock-min-background.png"; sourceTree = "<group>"; };
		9ABEF217175E287800DA41C7 /* clock-min-background_.png */ = {isa = PBXFileReference; lastKnownFileType = image.png; path = "clock-min-background_.png"; sourceTree = "<group>"; };
		9ABEF218175E287800DA41C7 /* clock-sec-background.png */ = {isa = PBXFileReference; lastKnownFileType = image.png; path = "clock-sec-background.png"; sourceTree = "<group>"; };
		9ABEF219175E287800DA41C7 /* OutputSample.png */ = {isa = PBXFileReference; lastKnownFileType = image.png; path = OutputSample.png; sourceTree = "<group>"; };
/* End PBXFileReference section */

/* Begin PBXFrameworksBuildPhase section */
		4F5DB0671EB60DE900DCBA19 /* Frameworks */ = {
			isa = PBXFrameworksBuildPhase;
			buildActionMask = 2147483647;
			files = (
				4F5DB06F1EB60DE900DCBA19 /* libClockView.a in Frameworks */,
			);
			runOnlyForDeploymentPostprocessing = 0;
		};
		9A0D4F661754F5D9003D3ED0 /* Frameworks */ = {
			isa = PBXFrameworksBuildPhase;
			buildActionMask = 2147483647;
			files = (
				9A0D4F6A1754F5D9003D3ED0 /* Foundation.framework in Frameworks */,
			);
			runOnlyForDeploymentPostprocessing = 0;
		};
		9A0D4F761754F5F5003D3ED0 /* Frameworks */ = {
			isa = PBXFrameworksBuildPhase;
			buildActionMask = 2147483647;
			files = (
				4F5EF1812189EA8A007AE127 /* libClockView.a in Frameworks */,
				9ABEF210175E251800DA41C7 /* QuartzCore.framework in Frameworks */,
				9A0D4F7A1754F5F5003D3ED0 /* UIKit.framework in Frameworks */,
				9A0D4F7B1754F5F5003D3ED0 /* Foundation.framework in Frameworks */,
				9A0D4F7C1754F5F5003D3ED0 /* CoreGraphics.framework in Frameworks */,
			);
			runOnlyForDeploymentPostprocessing = 0;
		};
/* End PBXFrameworksBuildPhase section */

/* Begin PBXGroup section */
		19C28FACFE9D520D11CA2CBB /* Products */ = {
			isa = PBXGroup;
			children = (
				9A0D4F691754F5D9003D3ED0 /* libClockView.a */,
				9A0D4F791754F5F5003D3ED0 /* ClockViewSampleApp.app */,
				4F5DB06A1EB60DE900DCBA19 /* ClockViewTest.xctest */,
			);
			name = Products;
			sourceTree = "<group>";
		};
		29B97314FDCFA39411CA2CEA /* CustomTemplate */ = {
			isa = PBXGroup;
			children = (
				9A0D4F6B1754F5D9003D3ED0 /* ClockView */,
				4F5DB06B1EB60DE900DCBA19 /* ClockViewTest */,
				9A0D4F7D1754F5F5003D3ED0 /* ClockViewSampleApp */,
				29B97323FDCFA39411CA2CEA /* Frameworks */,
				19C28FACFE9D520D11CA2CBB /* Products */,
			);
			name = CustomTemplate;
			sourceTree = "<group>";
		};
		29B97323FDCFA39411CA2CEA /* Frameworks */ = {
			isa = PBXGroup;
			children = (
				4F5DB0641EB5F92C00DCBA19 /* XCTest.framework */,
				1DF5F4DF0D08C38300B7A737 /* UIKit.framework */,
				1D30AB110D05D00D00671497 /* Foundation.framework */,
				288765A40DF7441C002DB57D /* CoreGraphics.framework */,
				9A34401912F5C3E4001EC7CE /* QuartzCore.framework */,
				9A0D4F371754F28A003D3ED0 /* SenTestingKit.framework */,
			);
			name = Frameworks;
			sourceTree = "<group>";
		};
		4F5DB06B1EB60DE900DCBA19 /* ClockViewTest */ = {
			isa = PBXGroup;
			children = (
				4F5DB06E1EB60DE900DCBA19 /* Info.plist */,
				4F5DB0751EB60E2C00DCBA19 /* ClockViewTest.m */,
			);
			path = ClockViewTest;
			sourceTree = "<group>";
		};
		9A0D4F6B1754F5D9003D3ED0 /* ClockView */ = {
			isa = PBXGroup;
			children = (
				9A0D4F6E1754F5D9003D3ED0 /* ClockView.h */,
				9A0D4F701754F5D9003D3ED0 /* ClockView.m */,
				9A0D4F6C1754F5D9003D3ED0 /* Supporting Files */,
			);
			path = ClockView;
			sourceTree = "<group>";
		};
		9A0D4F6C1754F5D9003D3ED0 /* Supporting Files */ = {
			isa = PBXGroup;
			children = (
				9A0D4F6D1754F5D9003D3ED0 /* ClockView-Prefix.pch */,
			);
			name = "Supporting Files";
			sourceTree = "<group>";
		};
		9A0D4F7D1754F5F5003D3ED0 /* ClockViewSampleApp */ = {
			isa = PBXGroup;
			children = (
				9ABEF211175E287800DA41C7 /* Images */,
				9A0D4F861754F5F5003D3ED0 /* AppDelegate.h */,
				9A0D4F871754F5F5003D3ED0 /* AppDelegate.m */,
				9A0D4F8F1754F5F5003D3ED0 /* ClockViewController.h */,
				9A0D4F901754F5F5003D3ED0 /* ClockViewController.m */,
				9A0D4F921754F5F5003D3ED0 /* ClockViewController.xib */,
				9A0D4F7E1754F5F5003D3ED0 /* Supporting Files */,
			);
			path = ClockViewSampleApp;
			sourceTree = "<group>";
		};
		9A0D4F7E1754F5F5003D3ED0 /* Supporting Files */ = {
			isa = PBXGroup;
			children = (
				9A0D4F7F1754F5F5003D3ED0 /* ClockViewSampleApp-Info.plist */,
				9A0D4F801754F5F5003D3ED0 /* InfoPlist.strings */,
				9A0D4F831754F5F5003D3ED0 /* main.m */,
				9A0D4F891754F5F5003D3ED0 /* Default.png */,
				9A0D4F8B1754F5F5003D3ED0 /* Default@2x.png */,
				9A0D4F8D1754F5F5003D3ED0 /* Default-568h@2x.png */,
			);
			name = "Supporting Files";
			sourceTree = "<group>";
		};
		9ABEF211175E287800DA41C7 /* Images */ = {
			isa = PBXGroup;
			children = (
				9ABEF212175E287800DA41C7 /* -clock-face.png */,
				9ABEF213175E287800DA41C7 /* bliss-roman-aluminium-clock.jpg */,
				9ABEF214175E287800DA41C7 /* clock-background.png */,
				9ABEF215175E287800DA41C7 /* clock-hour-background.png */,
				9ABEF216175E287800DA41C7 /* clock-min-background.png */,
				9ABEF217175E287800DA41C7 /* clock-min-background_.png */,
				9ABEF218175E287800DA41C7 /* clock-sec-background.png */,
				9ABEF219175E287800DA41C7 /* OutputSample.png */,
			);
			path = Images;
			sourceTree = "<group>";
		};
/* End PBXGroup section */

/* Begin PBXNativeTarget section */
		4F5DB0691EB60DE900DCBA19 /* ClockViewTest */ = {
			isa = PBXNativeTarget;
			buildConfigurationList = 4F5DB0721EB60DE900DCBA19 /* Build configuration list for PBXNativeTarget "ClockViewTest" */;
			buildPhases = (
				4F5DB0661EB60DE900DCBA19 /* Sources */,
				4F5DB0671EB60DE900DCBA19 /* Frameworks */,
				4F5DB0681EB60DE900DCBA19 /* Resources */,
			);
			buildRules = (
			);
			dependencies = (
				4F5DB0711EB60DE900DCBA19 /* PBXTargetDependency */,
			);
			name = ClockViewTest;
			productName = ClockViewTest;
			productReference = 4F5DB06A1EB60DE900DCBA19 /* ClockViewTest.xctest */;
			productType = "com.apple.product-type.bundle.unit-test";
		};
		9A0D4F681754F5D9003D3ED0 /* ClockView */ = {
			isa = PBXNativeTarget;
			buildConfigurationList = 9A0D4F721754F5D9003D3ED0 /* Build configuration list for PBXNativeTarget "ClockView" */;
			buildPhases = (
				9A0D4F651754F5D9003D3ED0 /* Sources */,
				9A0D4F661754F5D9003D3ED0 /* Frameworks */,
				9A0D4F671754F5D9003D3ED0 /* CopyFiles */,
				9A9DDBAB175CD62A00CCB3C7 /* ShellScript */,
			);
			buildRules = (
			);
			dependencies = (
			);
			name = ClockView;
			productName = ClockView;
			productReference = 9A0D4F691754F5D9003D3ED0 /* libClockView.a */;
			productType = "com.apple.product-type.library.static";
		};
		9A0D4F781754F5F5003D3ED0 /* ClockViewSampleApp */ = {
			isa = PBXNativeTarget;
			buildConfigurationList = 9A0D4F951754F5F5003D3ED0 /* Build configuration list for PBXNativeTarget "ClockViewSampleApp" */;
			buildPhases = (
				9A0D4F751754F5F5003D3ED0 /* Sources */,
				9A0D4F761754F5F5003D3ED0 /* Frameworks */,
				9A0D4F771754F5F5003D3ED0 /* Resources */,
			);
			buildRules = (
			);
			dependencies = (
			);
			name = ClockViewSampleApp;
			productName = ClockViewSampleApp;
			productReference = 9A0D4F791754F5F5003D3ED0 /* ClockViewSampleApp.app */;
			productType = "com.apple.product-type.application";
		};
/* End PBXNativeTarget section */

/* Begin PBXProject section */
		29B97313FDCFA39411CA2CEA /* Project object */ = {
			isa = PBXProject;
			attributes = {
				LastTestingUpgradeCheck = 0600;
				LastUpgradeCheck = 1000;
				TargetAttributes = {
					4F5DB0691EB60DE900DCBA19 = {
						CreatedOnToolsVersion = 8.3.2;
						DevelopmentTeam = Z2DF73ZW2D;
						ProvisioningStyle = Automatic;
					};
				};
			};
			buildConfigurationList = C01FCF4E08A954540054247B /* Build configuration list for PBXProject "ClockView" */;
			compatibilityVersion = "Xcode 3.2";
			developmentRegion = English;
			hasScannedForEncodings = 1;
			knownRegions = (
				English,
				Japanese,
				French,
				German,
				en,
				Base,
			);
			mainGroup = 29B97314FDCFA39411CA2CEA /* CustomTemplate */;
			projectDirPath = "";
			projectRoot = "";
			targets = (
				9A0D4F681754F5D9003D3ED0 /* ClockView */,
				4F5DB0691EB60DE900DCBA19 /* ClockViewTest */,
				9A0D4F781754F5F5003D3ED0 /* ClockViewSampleApp */,
			);
		};
/* End PBXProject section */

/* Begin PBXResourcesBuildPhase section */
		4F5DB0681EB60DE900DCBA19 /* Resources */ = {
			isa = PBXResourcesBuildPhase;
			buildActionMask = 2147483647;
			files = (
			);
			runOnlyForDeploymentPostprocessing = 0;
		};
		9A0D4F771754F5F5003D3ED0 /* Resources */ = {
			isa = PBXResourcesBuildPhase;
			buildActionMask = 2147483647;
			files = (
				9A0D4F821754F5F5003D3ED0 /* InfoPlist.strings in Resources */,
				9A0D4F8A1754F5F5003D3ED0 /* Default.png in Resources */,
				9A0D4F8C1754F5F5003D3ED0 /* Default@2x.png in Resources */,
				9A0D4F8E1754F5F5003D3ED0 /* Default-568h@2x.png in Resources */,
				9A0D4F941754F5F5003D3ED0 /* ClockViewController.xib in Resources */,
				9ABEF21A175E287800DA41C7 /* -clock-face.png in Resources */,
				9ABEF21B175E287800DA41C7 /* bliss-roman-aluminium-clock.jpg in Resources */,
				9ABEF21C175E287800DA41C7 /* clock-background.png in Resources */,
				9ABEF21D175E287800DA41C7 /* clock-hour-background.png in Resources */,
				9ABEF21E175E287800DA41C7 /* clock-min-background.png in Resources */,
				9ABEF21F175E287800DA41C7 /* clock-min-background_.png in Resources */,
				9ABEF220175E287800DA41C7 /* clock-sec-background.png in Resources */,
				9ABEF221175E287800DA41C7 /* OutputSample.png in Resources */,
			);
			runOnlyForDeploymentPostprocessing = 0;
		};
/* End PBXResourcesBuildPhase section */

/* Begin PBXShellScriptBuildPhase section */
		9A9DDBAB175CD62A00CCB3C7 /* ShellScript */ = {
			isa = PBXShellScriptBuildPhase;
			buildActionMask = 2147483647;
			files = (
			);
			inputPaths = (
			);
			outputPaths = (
			);
			runOnlyForDeploymentPostprocessing = 0;
			shellPath = "/bin/sh -x";
			shellScript = "#! /bin/sh -x\nset -e\n\nexit 0\n# Disabled below stuf.I don't remember what was the purpose.\n# These things are done by default in RELEASE configutarion\n\nDESTINATION_DIR=\"${PROJECT_DIR}/build/${TARGETNAME}\"\n\n# Lipo binaries (if available) into destination directory\nLIB_ARM=\"\"\nif [ -f \"${BUILD_DIR}/${CONFIGURATION}-iphoneos/${EXECUTABLE_PATH}\" ] ; then\n    LIB_ARM=\"${BUILD_DIR}/${CONFIGURATION}-iphoneos/${EXECUTABLE_PATH}\"\nfi\nLIB_I386=\"\"\nif [ -f \"${BUILD_DIR}/${CONFIGURATION}-iphonesimulator/${EXECUTABLE_PATH}\" ]; then\n    LIB_I386=\"${BUILD_DIR}/${CONFIGURATION}-iphonesimulator/${EXECUTABLE_PATH}\"\nfi\nmkdir -p \"${DESTINATION_DIR}/lib\"\nlipo -create \"${LIB_ARM}\" \"${LIB_I386}\" -o \"${DESTINATION_DIR}/lib/${EXECUTABLE_NAME}\"\n\n# Move headers to destination directory\nrm -rfd \"${DESTINATION_DIR}/include\"\ncp -r \"${BUILT_PRODUCTS_DIR}/include\" \"${DESTINATION_DIR}\"\n\nopen \"${DESTINATION_DIR}\"\n\n";
		};
/* End PBXShellScriptBuildPhase section */

/* Begin PBXSourcesBuildPhase section */
		4F5DB0661EB60DE900DCBA19 /* Sources */ = {
			isa = PBXSourcesBuildPhase;
			buildActionMask = 2147483647;
			files = (
				4F5DB0761EB60E2C00DCBA19 /* ClockViewTest.m in Sources */,
			);
			runOnlyForDeploymentPostprocessing = 0;
		};
		9A0D4F651754F5D9003D3ED0 /* Sources */ = {
			isa = PBXSourcesBuildPhase;
			buildActionMask = 2147483647;
			files = (
				9A0D4F711754F5D9003D3ED0 /* ClockView.m in Sources */,
			);
			runOnlyForDeploymentPostprocessing = 0;
		};
		9A0D4F751754F5F5003D3ED0 /* Sources */ = {
			isa = PBXSourcesBuildPhase;
			buildActionMask = 2147483647;
			files = (
				9A0D4F841754F5F5003D3ED0 /* main.m in Sources */,
				9A0D4F881754F5F5003D3ED0 /* AppDelegate.m in Sources */,
				9A0D4F911754F5F5003D3ED0 /* ClockViewController.m in Sources */,
			);
			runOnlyForDeploymentPostprocessing = 0;
		};
/* End PBXSourcesBuildPhase section */

/* Begin PBXTargetDependency section */
		4F5DB0711EB60DE900DCBA19 /* PBXTargetDependency */ = {
			isa = PBXTargetDependency;
			target = 9A0D4F681754F5D9003D3ED0 /* ClockView */;
			targetProxy = 4F5DB0701EB60DE900DCBA19 /* PBXContainerItemProxy */;
		};
/* End PBXTargetDependency section */

/* Begin PBXVariantGroup section */
		9A0D4F801754F5F5003D3ED0 /* InfoPlist.strings */ = {
			isa = PBXVariantGroup;
			children = (
				9A0D4F811754F5F5003D3ED0 /* en */,
			);
			name = InfoPlist.strings;
			sourceTree = "<group>";
		};
		9A0D4F921754F5F5003D3ED0 /* ClockViewController.xib */ = {
			isa = PBXVariantGroup;
			children = (
				4F5EF17C2189E38D007AE127 /* Base */,
			);
			name = ClockViewController.xib;
			sourceTree = "<group>";
		};
/* End PBXVariantGroup section */

/* Begin XCBuildConfiguration section */
		4F5DB0731EB60DE900DCBA19 /* Debug */ = {
			isa = XCBuildConfiguration;
			buildSettings = {
				ALWAYS_SEARCH_USER_PATHS = NO;
				CLANG_ANALYZER_NONNULL = YES;
				CLANG_ANALYZER_NUMBER_OBJECT_CONVERSION = YES_AGGRESSIVE;
				CLANG_CXX_LANGUAGE_STANDARD = "gnu++0x";
				CLANG_CXX_LIBRARY = "libc++";
				CLANG_ENABLE_MODULES = YES;
				CLANG_ENABLE_OBJC_ARC = YES;
				CLANG_WARN_DIRECT_OBJC_ISA_USAGE = YES_ERROR;
				CLANG_WARN_DOCUMENTATION_COMMENTS = YES;
				CLANG_WARN_OBJC_ROOT_CLASS = YES_ERROR;
				COPY_PHASE_STRIP = NO;
				DEBUG_INFORMATION_FORMAT = dwarf;
				DEVELOPMENT_TEAM = Z2DF73ZW2D;
				GCC_C_LANGUAGE_STANDARD = gnu99;
				GCC_DYNAMIC_NO_PIC = NO;
				GCC_OPTIMIZATION_LEVEL = 0;
				GCC_PREPROCESSOR_DEFINITIONS = (
					"DEBUG=1",
					"$(inherited)",
				);
				GCC_WARN_ABOUT_RETURN_TYPE = YES_ERROR;
				GCC_WARN_UNINITIALIZED_AUTOS = YES_AGGRESSIVE;
				INFOPLIST_FILE = ClockViewTest/Info.plist;
				LD_RUNPATH_SEARCH_PATHS = "$(inherited) @executable_path/Frameworks @loader_path/Frameworks";
				MTL_ENABLE_DEBUG_INFO = YES;
				PRODUCT_BUNDLE_IDENTIFIER = com.nacho4d.ClockViewTest;
				PRODUCT_NAME = "$(TARGET_NAME)";
			};
			name = Debug;
		};
		4F5DB0741EB60DE900DCBA19 /* Release */ = {
			isa = XCBuildConfiguration;
			buildSettings = {
				ALWAYS_SEARCH_USER_PATHS = NO;
				CLANG_ANALYZER_NONNULL = YES;
				CLANG_ANALYZER_NUMBER_OBJECT_CONVERSION = YES_AGGRESSIVE;
				CLANG_CXX_LANGUAGE_STANDARD = "gnu++0x";
				CLANG_CXX_LIBRARY = "libc++";
				CLANG_ENABLE_MODULES = YES;
				CLANG_ENABLE_OBJC_ARC = YES;
				CLANG_WARN_DIRECT_OBJC_ISA_USAGE = YES_ERROR;
				CLANG_WARN_DOCUMENTATION_COMMENTS = YES;
				CLANG_WARN_OBJC_ROOT_CLASS = YES_ERROR;
				COPY_PHASE_STRIP = NO;
				DEBUG_INFORMATION_FORMAT = "dwarf-with-dsym";
				DEVELOPMENT_TEAM = Z2DF73ZW2D;
				ENABLE_NS_ASSERTIONS = NO;
				GCC_C_LANGUAGE_STANDARD = gnu99;
				GCC_WARN_ABOUT_RETURN_TYPE = YES_ERROR;
				GCC_WARN_UNINITIALIZED_AUTOS = YES_AGGRESSIVE;
				INFOPLIST_FILE = ClockViewTest/Info.plist;
				LD_RUNPATH_SEARCH_PATHS = "$(inherited) @executable_path/Frameworks @loader_path/Frameworks";
				MTL_ENABLE_DEBUG_INFO = NO;
				PRODUCT_BUNDLE_IDENTIFIER = com.nacho4d.ClockViewTest;
				PRODUCT_NAME = "$(TARGET_NAME)";
				VALIDATE_PRODUCT = YES;
			};
			name = Release;
		};
		9A0D4F731754F5D9003D3ED0 /* Debug */ = {
			isa = XCBuildConfiguration;
			buildSettings = {
				ALWAYS_SEARCH_USER_PATHS = NO;
				CLANG_CXX_LANGUAGE_STANDARD = "gnu++0x";
				CLANG_CXX_LIBRARY = "libc++";
				CLANG_ENABLE_OBJC_ARC = YES;
				CLANG_WARN_CONSTANT_CONVERSION = YES;
				CLANG_WARN_EMPTY_BODY = YES;
				CLANG_WARN_ENUM_CONVERSION = YES;
				CLANG_WARN_INT_CONVERSION = YES;
				CLANG_WARN__DUPLICATE_METHOD_MATCH = YES;
				COPY_PHASE_STRIP = NO;
				DSTROOT = /tmp/ClockView.dst;
				GCC_C_LANGUAGE_STANDARD = gnu99;
				GCC_DYNAMIC_NO_PIC = NO;
				GCC_OPTIMIZATION_LEVEL = 0;
				GCC_PRECOMPILE_PREFIX_HEADER = YES;
				GCC_PREFIX_HEADER = "ClockView/ClockView-Prefix.pch";
				GCC_PREPROCESSOR_DEFINITIONS = (
					"DEBUG=1",
					"$(inherited)",
				);
				GCC_SYMBOLS_PRIVATE_EXTERN = NO;
				GCC_WARN_UNINITIALIZED_AUTOS = YES;
				ONLY_ACTIVE_ARCH = YES;
				OTHER_LDFLAGS = "-ObjC";
				PRODUCT_NAME = "$(TARGET_NAME)";
				SKIP_INSTALL = YES;
			};
			name = Debug;
		};
		9A0D4F741754F5D9003D3ED0 /* Release */ = {
			isa = XCBuildConfiguration;
			buildSettings = {
				ALWAYS_SEARCH_USER_PATHS = NO;
				CLANG_CXX_LANGUAGE_STANDARD = "gnu++0x";
				CLANG_CXX_LIBRARY = "libc++";
				CLANG_ENABLE_OBJC_ARC = YES;
				CLANG_WARN_CONSTANT_CONVERSION = YES;
				CLANG_WARN_EMPTY_BODY = YES;
				CLANG_WARN_ENUM_CONVERSION = YES;
				CLANG_WARN_INT_CONVERSION = YES;
				CLANG_WARN__DUPLICATE_METHOD_MATCH = YES;
				COPY_PHASE_STRIP = YES;
				DSTROOT = /tmp/ClockView.dst;
				GCC_C_LANGUAGE_STANDARD = gnu99;
				GCC_PRECOMPILE_PREFIX_HEADER = YES;
				GCC_PREFIX_HEADER = "ClockView/ClockView-Prefix.pch";
				GCC_WARN_UNINITIALIZED_AUTOS = YES;
				OTHER_LDFLAGS = "-ObjC";
				PRODUCT_NAME = "$(TARGET_NAME)";
				SKIP_INSTALL = YES;
				VALIDATE_PRODUCT = YES;
			};
			name = Release;
		};
		9A0D4F961754F5F5003D3ED0 /* Debug */ = {
			isa = XCBuildConfiguration;
			buildSettings = {
				ALWAYS_SEARCH_USER_PATHS = NO;
				CLANG_CXX_LANGUAGE_STANDARD = "gnu++0x";
				CLANG_CXX_LIBRARY = "libc++";
				CLANG_ENABLE_OBJC_ARC = YES;
				CLANG_WARN_CONSTANT_CONVERSION = YES;
				CLANG_WARN_EMPTY_BODY = YES;
				CLANG_WARN_ENUM_CONVERSION = YES;
				CLANG_WARN_INT_CONVERSION = YES;
				CLANG_WARN__DUPLICATE_METHOD_MATCH = YES;
				"CODE_SIGN_IDENTITY[sdk=iphoneos*]" = "iPhone Developer";
				COPY_PHASE_STRIP = NO;
				GCC_C_LANGUAGE_STANDARD = gnu99;
				GCC_DYNAMIC_NO_PIC = NO;
				GCC_OPTIMIZATION_LEVEL = 0;
				GCC_PREPROCESSOR_DEFINITIONS = (
					"DEBUG=1",
					"$(inherited)",
				);
				GCC_SYMBOLS_PRIVATE_EXTERN = NO;
				GCC_WARN_UNINITIALIZED_AUTOS = YES;
				INFOPLIST_FILE = "ClockViewSampleApp/ClockViewSampleApp-Info.plist";
				LIBRARY_SEARCH_PATHS = "$(inherited)";
				ONLY_ACTIVE_ARCH = YES;
				OTHER_LDFLAGS = "-ObjC";
				PRODUCT_BUNDLE_IDENTIFIER = "com.nacho4d.${PRODUCT_NAME:rfc1034identifier}";
				PRODUCT_NAME = "$(TARGET_NAME)";
				WRAPPER_EXTENSION = app;
			};
			name = Debug;
		};
		9A0D4F971754F5F5003D3ED0 /* Release */ = {
			isa = XCBuildConfiguration;
			buildSettings = {
				ALWAYS_SEARCH_USER_PATHS = NO;
				CLANG_CXX_LANGUAGE_STANDARD = "gnu++0x";
				CLANG_CXX_LIBRARY = "libc++";
				CLANG_ENABLE_OBJC_ARC = YES;
				CLANG_WARN_CONSTANT_CONVERSION = YES;
				CLANG_WARN_EMPTY_BODY = YES;
				CLANG_WARN_ENUM_CONVERSION = YES;
				CLANG_WARN_INT_CONVERSION = YES;
				CLANG_WARN__DUPLICATE_METHOD_MATCH = YES;
				"CODE_SIGN_IDENTITY[sdk=iphoneos*]" = "iPhone Developer";
				COPY_PHASE_STRIP = YES;
				GCC_C_LANGUAGE_STANDARD = gnu99;
				GCC_WARN_UNINITIALIZED_AUTOS = YES;
				INFOPLIST_FILE = "ClockViewSampleApp/ClockViewSampleApp-Info.plist";
				LIBRARY_SEARCH_PATHS = "$(inherited)";
				OTHER_LDFLAGS = "-ObjC";
				PRODUCT_BUNDLE_IDENTIFIER = "com.nacho4d.${PRODUCT_NAME:rfc1034identifier}";
				PRODUCT_NAME = "$(TARGET_NAME)";
				VALIDATE_PRODUCT = YES;
				WRAPPER_EXTENSION = app;
			};
			name = Release;
		};
		C01FCF4F08A954540054247B /* Debug */ = {
			isa = XCBuildConfiguration;
			buildSettings = {
				CLANG_ANALYZER_LOCALIZABILITY_NONLOCALIZED = YES;
				CLANG_ENABLE_MODULES = YES;
				CLANG_WARN_BLOCK_CAPTURE_AUTORELEASING = YES;
				CLANG_WARN_BOOL_CONVERSION = YES;
				CLANG_WARN_COMMA = YES;
				CLANG_WARN_CONSTANT_CONVERSION = YES;
				CLANG_WARN_DEPRECATED_OBJC_IMPLEMENTATIONS = YES;
				CLANG_WARN_EMPTY_BODY = YES;
				CLANG_WARN_ENUM_CONVERSION = YES;
				CLANG_WARN_INFINITE_RECURSION = YES;
				CLANG_WARN_INT_CONVERSION = YES;
				CLANG_WARN_NON_LITERAL_NULL_CONVERSION = YES;
				CLANG_WARN_OBJC_IMPLICIT_RETAIN_SELF = YES;
				CLANG_WARN_OBJC_LITERAL_CONVERSION = YES;
				CLANG_WARN_RANGE_LOOP_ANALYSIS = YES;
				CLANG_WARN_STRICT_PROTOTYPES = YES;
				CLANG_WARN_SUSPICIOUS_MOVE = YES;
				CLANG_WARN_UNREACHABLE_CODE = YES;
				CLANG_WARN__DUPLICATE_METHOD_MATCH = YES;
				"CODE_SIGN_IDENTITY[sdk=iphoneos*]" = "iPhone Developer";
				ENABLE_STRICT_OBJC_MSGSEND = YES;
				ENABLE_TESTABILITY = YES;
				GCC_C_LANGUAGE_STANDARD = c99;
				GCC_NO_COMMON_BLOCKS = YES;
				GCC_WARN_64_TO_32_BIT_CONVERSION = YES;
				GCC_WARN_ABOUT_RETURN_TYPE = YES;
				GCC_WARN_UNDECLARED_SELECTOR = YES;
				GCC_WARN_UNINITIALIZED_AUTOS = YES;
				GCC_WARN_UNUSED_FUNCTION = YES;
				GCC_WARN_UNUSED_VARIABLE = YES;
				IPHONEOS_DEPLOYMENT_TARGET = 9.0;
				ONLY_ACTIVE_ARCH = YES;
				SDKROOT = iphoneos;
				TARGETED_DEVICE_FAMILY = 1;
			};
			name = Debug;
		};
		C01FCF5008A954540054247B /* Release */ = {
			isa = XCBuildConfiguration;
			buildSettings = {
				CLANG_ANALYZER_LOCALIZABILITY_NONLOCALIZED = YES;
				CLANG_ENABLE_MODULES = YES;
				CLANG_WARN_BLOCK_CAPTURE_AUTORELEASING = YES;
				CLANG_WARN_BOOL_CONVERSION = YES;
				CLANG_WARN_COMMA = YES;
				CLANG_WARN_CONSTANT_CONVERSION = YES;
				CLANG_WARN_DEPRECATED_OBJC_IMPLEMENTATIONS = YES;
				CLANG_WARN_EMPTY_BODY = YES;
				CLANG_WARN_ENUM_CONVERSION = YES;
				CLANG_WARN_INFINITE_RECURSION = YES;
				CLANG_WARN_INT_CONVERSION = YES;
				CLANG_WARN_NON_LITERAL_NULL_CONVERSION = YES;
				CLANG_WARN_OBJC_IMPLICIT_RETAIN_SELF = YES;
				CLANG_WARN_OBJC_LITERAL_CONVERSION = YES;
				CLANG_WARN_RANGE_LOOP_ANALYSIS = YES;
				CLANG_WARN_STRICT_PROTOTYPES = YES;
				CLANG_WARN_SUSPICIOUS_MOVE = YES;
				CLANG_WARN_UNREACHABLE_CODE = YES;
				CLANG_WARN__DUPLICATE_METHOD_MATCH = YES;
				"CODE_SIGN_IDENTITY[sdk=iphoneos*]" = "iPhone Developer";
				ENABLE_STRICT_OBJC_MSGSEND = YES;
				GCC_C_LANGUAGE_STANDARD = c99;
				GCC_NO_COMMON_BLOCKS = YES;
				GCC_WARN_64_TO_32_BIT_CONVERSION = YES;
				GCC_WARN_ABOUT_RETURN_TYPE = YES;
				GCC_WARN_UNDECLARED_SELECTOR = YES;
				GCC_WARN_UNINITIALIZED_AUTOS = YES;
				GCC_WARN_UNUSED_FUNCTION = YES;
				GCC_WARN_UNUSED_VARIABLE = YES;
				IPHONEOS_DEPLOYMENT_TARGET = 9.0;
				OTHER_CFLAGS = "-DNS_BLOCK_ASSERTIONS=1";
				SDKROOT = iphoneos;
				TARGETED_DEVICE_FAMILY = 1;
			};
			name = Release;
		};
/* End XCBuildConfiguration section */

/* Begin XCConfigurationList section */
		4F5DB0721EB60DE900DCBA19 /* Build configuration list for PBXNativeTarget "ClockViewTest" */ = {
			isa = XCConfigurationList;
			buildConfigurations = (
				4F5DB0731EB60DE900DCBA19 /* Debug */,
				4F5DB0741EB60DE900DCBA19 /* Release */,
			);
			defaultConfigurationIsVisible = 0;
			defaultConfigurationName = Release;
		};
		9A0D4F721754F5D9003D3ED0 /* Build configuration list for PBXNativeTarget "ClockView" */ = {
			isa = XCConfigurationList;
			buildConfigurations = (
				9A0D4F731754F5D9003D3ED0 /* Debug */,
				9A0D4F741754F5D9003D3ED0 /* Release */,
			);
			defaultConfigurationIsVisible = 0;
			defaultConfigurationName = Release;
		};
		9A0D4F951754F5F5003D3ED0 /* Build configuration list for PBXNativeTarget "ClockViewSampleApp" */ = {
			isa = XCConfigurationList;
			buildConfigurations = (
				9A0D4F961754F5F5003D3ED0 /* Debug */,
				9A0D4F971754F5F5003D3ED0 /* Release */,
			);
			defaultConfigurationIsVisible = 0;
			defaultConfigurationName = Release;
		};
		C01FCF4E08A954540054247B /* Build configuration list for PBXProject "ClockView" */ = {
			isa = XCConfigurationList;
			buildConfigurations = (
				C01FCF4F08A954540054247B /* Debug */,
				C01FCF5008A954540054247B /* Release */,
			);
			defaultConfigurationIsVisible = 0;
			defaultConfigurationName = Release;
		};
/* End XCConfigurationList section */
	};
	rootObject = 29B97313FDCFA39411CA2CEA /* Project object */;
}
